
Microsoft Visual Studio Solution File, Format Version 12.00
# Visual Studio 15
VisualStudioVersion = 15.0.27428.2005
MinimumVisualStudioVersion = 10.0.40219.1
Project("{FAE04EC0-301F-11D3-BF4B-00C04F79EFBC}") = "NewAthena", "NewAthena\NewAthena.csproj", "{57D76D4E-2227-42B5-B9ED-094CF7878533}"
EndProject
Project("{FAE04EC0-301F-11D3-BF4B-00C04F79EFBC}") = "XUnitTestProject1", "XUnitTestProject1\XUnitTestProject1.csproj", "{CF0B3B4B-A76E-4EC9-87AC-B66B0087576D}"
EndProject
Global
	GlobalSection(SolutionConfigurationPlatforms) = preSolution
		Debug|Any CPU = Debug|Any CPU
		Release|Any CPU = Release|Any CPU
	EndGlobalSection
	GlobalSection(ProjectConfigurationPlatforms) = postSolution
		{57D76D4E-2227-42B5-B9ED-094CF7878533}.Debug|Any CPU.ActiveCfg = Debug|Any CPU
		{57D76D4E-2227-42B5-B9ED-094CF7878533}.Debug|Any CPU.Build.0 = Debug|Any CPU
		{57D76D4E-2227-42B5-B9ED-094CF7878533}.Release|Any CPU.ActiveCfg = Release|Any CPU
		{57D76D4E-2227-42B5-B9ED-094CF7878533}.Release|Any CPU.Build.0 = Release|Any CPU
		{CF0B3B4B-A76E-4EC9-87AC-B66B0087576D}.Debug|Any CPU.ActiveCfg = Debug|Any CPU
		{CF0B3B4B-A76E-4EC9-87AC-B66B0087576D}.Debug|Any CPU.Build.0 = Debug|Any CPU
		{CF0B3B4B-A76E-4EC9-87AC-B66B0087576D}.Release|Any CPU.ActiveCfg = Release|Any CPU
		{CF0B3B4B-A76E-4EC9-87AC-B66B0087576D}.Release|Any CPU.Build.0 = Release|Any CPU
	EndGlobalSection
	GlobalSection(SolutionProperties) = preSolution
		HideSolutionNode = FALSE
	EndGlobalSection
	GlobalSection(ExtensibilityGlobals) = postSolution
		SolutionGuid = {48A30C83-1D6A-4BF4-9BC4-A4FFDA10501C}
	EndGlobalSection
EndGlobal
